<Solution>
  <Folder Name="/benchmarks/">
    <Project Path="benchmarks/HostLoom.Benchmarks/HostLoom.Benchmarks.csproj" />
  </Folder>
  <Folder Name="/examples/">
    <Project Path="examples/HostLoom.Examples.Pipelines/HostLoom.Examples.Pipelines.csproj" />
  </Folder>
  <Folder Name="/src/">
    <Project Path="src/HostLoom.Analyzers/HostLoom.Analyzers.csproj" />
    <Project Path="src/HostLoom.AspNetCore.WebSockets/HostLoom.AspNetCore.WebSockets.csproj" />
    <Project Path="src/HostLoom.Caching.Testing/HostLoom.Caching.Testing.csproj" />
    <Project Path="src/HostLoom.Caching/HostLoom.Caching.csproj" />
    <Project Path="src/HostLoom.Diagnostics/HostLoom.Diagnostics.csproj" />
    <Project Path="src/HostLoom.Logging/HostLoom.Logging.csproj" />
    <Project Path="src/HostLoom.Mapping.DependencyInjection/HostLoom.Mapping.DependencyInjection.csproj" />
    <Project Path="src/HostLoom.Mapping.Testing/HostLoom.Mapping.Testing.csproj" />
    <Project Path="src/HostLoom.Mapping/HostLoom.Mapping.csproj" />
    <Project Path="src/HostLoom.Pipelines.DependencyInjection/HostLoom.Pipelines.DependencyInjection.csproj" />
    <Project Path="src/HostLoom.Pipelines.Testing/HostLoom.Pipelines.Testing.csproj" />
    <Project Path="src/HostLoom.Pipelines/HostLoom.Pipelines.csproj" />
    <Project Path="src/HostLoom/HostLoom.csproj" />
    <Project Path="src/HostLoom.Transport.InMemory/HostLoom.Transport.InMemory.csproj" />
    <Project Path="src/HostLoom.Transport.Kafka/HostLoom.Transport.Kafka.csproj" />
    <Project Path="src/HostLoom.Transport.RabbitMq/HostLoom.Transport.RabbitMq.csproj" />
  </Folder>
  <Folder Name="/tests/">
    <Project Path="tests/HostLoom.Analyzers.Tests/HostLoom.Analyzers.Tests.csproj" />
    <Project Path="tests/HostLoom.IntegrationTests/HostLoom.IntegrationTests.csproj" />
    <Project Path="tests/HostLoom.Tests/HostLoom.Tests.csproj" />
  </Folder>
</Solution>
